
Microsoft Visual Studio Solution File, Format Version 12.00
# Visual Studio Version 17
VisualStudioVersion = 17.5.002.0
MinimumVisualStudioVersion = 10.0.40219.1
Project("{9A19103F-16F7-4668-BE54-9A1E7A4F7556}") = "Heist", "Heist\Heist.csproj", "{5AADCB55-3602-47F3-9DCC-828C0C34DA7E}"
EndProject
Global
	GlobalSection(SolutionConfigurationPlatforms) = preSolution
		Debug|Any CPU = Debug|Any CPU
		Release|Any CPU = Release|Any CPU
	EndGlobalSection
	GlobalSection(ProjectConfigurationPlatforms) = postSolution
		{5AADCB55-3602-47F3-9DCC-828C0C34DA7E}.Debug|Any CPU.ActiveCfg = Debug|Any CPU
		{5AADCB55-3602-47F3-9DCC-828C0C34DA7E}.Debug|Any CPU.Build.0 = Debug|Any CPU
		{5AADCB55-3602-47F3-9DCC-828C0C34DA7E}.Release|Any CPU.ActiveCfg = Release|Any CPU
		{5AADCB55-3602-47F3-9DCC-828C0C34DA7E}.Release|Any CPU.Build.0 = Release|Any CPU
	EndGlobalSection
	GlobalSection(SolutionProperties) = preSolution
		HideSolutionNode = FALSE
	EndGlobalSection
	GlobalSection(ExtensibilityGlobals) = postSolution
		SolutionGuid = {773C568D-FED7-4E2C-A7E5-7E007A5A59D0}
	EndGlobalSection
EndGlobal
